
Microsoft Visual Studio Solution File, Format Version 12.00
# Visual Studio Version 17
VisualStudioVersion = 17.7.34031.279
MinimumVisualStudioVersion = 10.0.40219.1
Project("{9A19103F-16F7-4668-BE54-9A1E7A4F7556}") = "Lab1", "Lab1\Lab1.csproj", "{118E6763-47C3-49B8-B85A-1166D1C9D896}"
EndProject
Project("{2150E333-8FDC-42A3-9474-1A3956D46DE8}") = "Regression", "Regression", "{4633EA0F-C390-4991-945B-2328D5154E2B}"
EndProject
Project("{9A19103F-16F7-4668-BE54-9A1E7A4F7556}") = "Lab2", "Lab2\Lab2.csproj", "{3ABA86B5-9651-4B11-AFA1-92A04ED8DB6C}"
EndProject
Project("{2150E333-8FDC-42A3-9474-1A3956D46DE8}") = "Classsification", "Classsification", "{F79927A7-096A-4282-A13D-435A718EDD27}"
EndProject
Project("{2150E333-8FDC-42A3-9474-1A3956D46DE8}") = "Clusstering", "Clusstering", "{4D125AE6-51EA-4009-9968-495737112355}"
EndProject
Project("{9A19103F-16F7-4668-BE54-9A1E7A4F7556}") = "MSExample", "MSExample\MSExample.csproj", "{8F7C99AA-B66C-4E89-86D4-0574AC559A12}"
EndProject
Project("{9A19103F-16F7-4668-BE54-9A1E7A4F7556}") = "Lab3", "Lab3\Lab3.csproj", "{1D8056BF-05B7-4EF3-A612-5EEF3C8A57E2}"
EndProject
Project("{2150E333-8FDC-42A3-9474-1A3956D46DE8}") = "Anomalies", "Anomalies", "{0D2123F4-206A-4E8E-A395-06802EB2B07D}"
EndProject
Project("{9A19103F-16F7-4668-BE54-9A1E7A4F7556}") = "Lab4", "Lab4\Lab4.csproj", "{44AB8941-3139-4BFE-9BDE-CE76870F149C}"
EndProject
Project("{2150E333-8FDC-42A3-9474-1A3956D46DE8}") = "EVE Online", "EVE Online", "{B9439EFE-8CD0-46F1-944A-B6D3EDF9F7D3}"
EndProject
Project("{9A19103F-16F7-4668-BE54-9A1E7A4F7556}") = "ProductPricePrediction", "ProductPricePrediction\ProductPricePrediction.csproj", "{18610FAF-2686-41B6-8945-21EB0D2BCDA3}"
EndProject
Project("{FAE04EC0-301F-11D3-BF4B-00C04F79EFBC}") = "Lab2Try2", "Lab2Try2\Lab2Try2.csproj", "{152EAC39-98C9-4C15-A4CB-FD8EA0E69E70}"
EndProject
Global
	GlobalSection(SolutionConfigurationPlatforms) = preSolution
		Debug|Any CPU = Debug|Any CPU
		Release|Any CPU = Release|Any CPU
	EndGlobalSection
	GlobalSection(ProjectConfigurationPlatforms) = postSolution
		{118E6763-47C3-49B8-B85A-1166D1C9D896}.Debug|Any CPU.ActiveCfg = Debug|Any CPU
		{118E6763-47C3-49B8-B85A-1166D1C9D896}.Debug|Any CPU.Build.0 = Debug|Any CPU
		{118E6763-47C3-49B8-B85A-1166D1C9D896}.Release|Any CPU.ActiveCfg = Release|Any CPU
		{118E6763-47C3-49B8-B85A-1166D1C9D896}.Release|Any CPU.Build.0 = Release|Any CPU
		{3ABA86B5-9651-4B11-AFA1-92A04ED8DB6C}.Debug|Any CPU.ActiveCfg = Debug|Any CPU
		{3ABA86B5-9651-4B11-AFA1-92A04ED8DB6C}.Debug|Any CPU.Build.0 = Debug|Any CPU
		{3ABA86B5-9651-4B11-AFA1-92A04ED8DB6C}.Release|Any CPU.ActiveCfg = Release|Any CPU
		{3ABA86B5-9651-4B11-AFA1-92A04ED8DB6C}.Release|Any CPU.Build.0 = Release|Any CPU
		{8F7C99AA-B66C-4E89-86D4-0574AC559A12}.Debug|Any CPU.ActiveCfg = Debug|Any CPU
		{8F7C99AA-B66C-4E89-86D4-0574AC559A12}.Debug|Any CPU.Build.0 = Debug|Any CPU
		{8F7C99AA-B66C-4E89-86D4-0574AC559A12}.Release|Any CPU.ActiveCfg = Release|Any CPU
		{8F7C99AA-B66C-4E89-86D4-0574AC559A12}.Release|Any CPU.Build.0 = Release|Any CPU
		{1D8056BF-05B7-4EF3-A612-5EEF3C8A57E2}.Debug|Any CPU.ActiveCfg = Debug|Any CPU
		{1D8056BF-05B7-4EF3-A612-5EEF3C8A57E2}.Debug|Any CPU.Build.0 = Debug|Any CPU
		{1D8056BF-05B7-4EF3-A612-5EEF3C8A57E2}.Release|Any CPU.ActiveCfg = Release|Any CPU
		{1D8056BF-05B7-4EF3-A612-5EEF3C8A57E2}.Release|Any CPU.Build.0 = Release|Any CPU
		{44AB8941-3139-4BFE-9BDE-CE76870F149C}.Debug|Any CPU.ActiveCfg = Debug|Any CPU
		{44AB8941-3139-4BFE-9BDE-CE76870F149C}.Debug|Any CPU.Build.0 = Debug|Any CPU
		{44AB8941-3139-4BFE-9BDE-CE76870F149C}.Release|Any CPU.ActiveCfg = Release|Any CPU
		{44AB8941-3139-4BFE-9BDE-CE76870F149C}.Release|Any CPU.Build.0 = Release|Any CPU
		{18610FAF-2686-41B6-8945-21EB0D2BCDA3}.Debug|Any CPU.ActiveCfg = Debug|Any CPU
		{18610FAF-2686-41B6-8945-21EB0D2BCDA3}.Debug|Any CPU.Build.0 = Debug|Any CPU
		{18610FAF-2686-41B6-8945-21EB0D2BCDA3}.Release|Any CPU.ActiveCfg = Release|Any CPU
		{18610FAF-2686-41B6-8945-21EB0D2BCDA3}.Release|Any CPU.Build.0 = Release|Any CPU
		{152EAC39-98C9-4C15-A4CB-FD8EA0E69E70}.Debug|Any CPU.ActiveCfg = Debug|Any CPU
		{152EAC39-98C9-4C15-A4CB-FD8EA0E69E70}.Debug|Any CPU.Build.0 = Debug|Any CPU
		{152EAC39-98C9-4C15-A4CB-FD8EA0E69E70}.Release|Any CPU.ActiveCfg = Release|Any CPU
		{152EAC39-98C9-4C15-A4CB-FD8EA0E69E70}.Release|Any CPU.Build.0 = Release|Any CPU
	EndGlobalSection
	GlobalSection(SolutionProperties) = preSolution
		HideSolutionNode = FALSE
	EndGlobalSection
	GlobalSection(NestedProjects) = preSolution
		{118E6763-47C3-49B8-B85A-1166D1C9D896} = {4633EA0F-C390-4991-945B-2328D5154E2B}
		{3ABA86B5-9651-4B11-AFA1-92A04ED8DB6C} = {F79927A7-096A-4282-A13D-435A718EDD27}
		{8F7C99AA-B66C-4E89-86D4-0574AC559A12} = {4D125AE6-51EA-4009-9968-495737112355}
		{1D8056BF-05B7-4EF3-A612-5EEF3C8A57E2} = {4D125AE6-51EA-4009-9968-495737112355}
		{44AB8941-3139-4BFE-9BDE-CE76870F149C} = {0D2123F4-206A-4E8E-A395-06802EB2B07D}
		{18610FAF-2686-41B6-8945-21EB0D2BCDA3} = {B9439EFE-8CD0-46F1-944A-B6D3EDF9F7D3}
		{152EAC39-98C9-4C15-A4CB-FD8EA0E69E70} = {F79927A7-096A-4282-A13D-435A718EDD27}
	EndGlobalSection
	GlobalSection(ExtensibilityGlobals) = postSolution
		SolutionGuid = {AEA136CA-F9B3-4C7A-87C4-A329CCB2CD02}
	EndGlobalSection
EndGlobal
